title: 'Logo Block'
fields:
  -
    handle: logoblock_image
    field:
      mode: grid
      restrict: false
      allow_uploads: true
      type: assets
      listable: hidden
      display: 'Background Image'
  -
    handle: logoblock_header
    field:
      input_type: text
      type: text
      listable: hidden
      display: Header
  -
    handle: logoblock_text
    field:
      input_type: text
      type: text
      listable: hidden
      display: Text
  -
    import: button
    prefix: logoblock_
